
Microsoft Visual Studio Solution File, Format Version 12.00
# Visual Studio 2012
Project("{FAE04EC0-301F-11D3-BF4B-00C04F79EFBC}") = "MvcAppWeb", "MvcAppWeb\MvcAppWeb.csproj", "{A16C0CCF-52B0-49A3-A39B-FD70AF526244}"
EndProject
Global
	GlobalSection(SolutionConfigurationPlatforms) = preSolution
		Debug|Any CPU = Debug|Any CPU
		Release|Any CPU = Release|Any CPU
	EndGlobalSection
	GlobalSection(ProjectConfigurationPlatforms) = postSolution
		{A16C0CCF-52B0-49A3-A39B-FD70AF526244}.Debug|Any CPU.ActiveCfg = Debug|Any CPU
		{A16C0CCF-52B0-49A3-A39B-FD70AF526244}.Debug|Any CPU.Build.0 = Debug|Any CPU
		{A16C0CCF-52B0-49A3-A39B-FD70AF526244}.Release|Any CPU.ActiveCfg = Release|Any CPU
		{A16C0CCF-52B0-49A3-A39B-FD70AF526244}.Release|Any CPU.Build.0 = Release|Any CPU
	EndGlobalSection
	GlobalSection(SolutionProperties) = preSolution
		HideSolutionNode = FALSE
	EndGlobalSection
EndGlobal
